
Microsoft Visual Studio Solution File, Format Version 12.00
# Visual Studio Version 16
VisualStudioVersion = 16.0.30611.23
MinimumVisualStudioVersion = 10.0.40219.1
Project("{FAE04EC0-301F-11D3-BF4B-00C04F79EFBC}") = "EasyStory.API", "EasyStory.API\EasyStory.API.csproj", "{BD395498-F464-4234-BFA4-B0EBEED625D5}"
EndProject
Project("{FAE04EC0-301F-11D3-BF4B-00C04F79EFBC}") = "EasyStory.API.Test", "EasyStory.API.Test\EasyStory.API.Test.csproj", "{C772C0CB-2FBA-4651-883C-86F67B7AA0E4}"
EndProject
Global
	GlobalSection(SolutionConfigurationPlatforms) = preSolution
		Debug|Any CPU = Debug|Any CPU
		Release|Any CPU = Release|Any CPU
	EndGlobalSection
	GlobalSection(ProjectConfigurationPlatforms) = postSolution
		{BD395498-F464-4234-BFA4-B0EBEED625D5}.Debug|Any CPU.ActiveCfg = Debug|Any CPU
		{BD395498-F464-4234-BFA4-B0EBEED625D5}.Debug|Any CPU.Build.0 = Debug|Any CPU
		{BD395498-F464-4234-BFA4-B0EBEED625D5}.Release|Any CPU.ActiveCfg = Release|Any CPU
		{BD395498-F464-4234-BFA4-B0EBEED625D5}.Release|Any CPU.Build.0 = Release|Any CPU
		{C772C0CB-2FBA-4651-883C-86F67B7AA0E4}.Debug|Any CPU.ActiveCfg = Debug|Any CPU
		{C772C0CB-2FBA-4651-883C-86F67B7AA0E4}.Debug|Any CPU.Build.0 = Debug|Any CPU
		{C772C0CB-2FBA-4651-883C-86F67B7AA0E4}.Release|Any CPU.ActiveCfg = Release|Any CPU
		{C772C0CB-2FBA-4651-883C-86F67B7AA0E4}.Release|Any CPU.Build.0 = Release|Any CPU
	EndGlobalSection
	GlobalSection(SolutionProperties) = preSolution
		HideSolutionNode = FALSE
	EndGlobalSection
	GlobalSection(ExtensibilityGlobals) = postSolution
		SolutionGuid = {4941AC63-C6BC-4E8C-8AA8-FB459C24B090}
	EndGlobalSection
EndGlobal
